
Microsoft Visual Studio Solution File, Format Version 12.00
# Visual Studio Version 17
VisualStudioVersion = 17.14.36518.9
MinimumVisualStudioVersion = 10.0.40219.1
Project("{FAE04EC0-301F-11D3-BF4B-00C04F79EFBC}") = "CerealAPI", "CerealAPI\CerealAPI.csproj", "{7FF2B1C3-E293-48C0-B753-6873B4E75A20}"
EndProject
Project("{FAE04EC0-301F-11D3-BF4B-00C04F79EFBC}") = "CerealAPI.Tests", "CerealAPI.Tests\CerealAPI.Tests.csproj", "{A5F371DB-F317-4A7E-BB11-1E4C45EFE526}"
EndProject
Global
	GlobalSection(SolutionConfigurationPlatforms) = preSolution
		Debug|Any CPU = Debug|Any CPU
		Debug|x64 = Debug|x64
		Debug|x86 = Debug|x86
		Release|Any CPU = Release|Any CPU
		Release|x64 = Release|x64
		Release|x86 = Release|x86
	EndGlobalSection
	GlobalSection(ProjectConfigurationPlatforms) = postSolution
		{7FF2B1C3-E293-48C0-B753-6873B4E75A20}.Debug|Any CPU.ActiveCfg = Debug|Any CPU
		{7FF2B1C3-E293-48C0-B753-6873B4E75A20}.Debug|Any CPU.Build.0 = Debug|Any CPU
		{7FF2B1C3-E293-48C0-B753-6873B4E75A20}.Debug|x64.ActiveCfg = Debug|Any CPU
		{7FF2B1C3-E293-48C0-B753-6873B4E75A20}.Debug|x64.Build.0 = Debug|Any CPU
		{7FF2B1C3-E293-48C0-B753-6873B4E75A20}.Debug|x86.ActiveCfg = Debug|Any CPU
		{7FF2B1C3-E293-48C0-B753-6873B4E75A20}.Debug|x86.Build.0 = Debug|Any CPU
		{7FF2B1C3-E293-48C0-B753-6873B4E75A20}.Release|Any CPU.ActiveCfg = Release|Any CPU
		{7FF2B1C3-E293-48C0-B753-6873B4E75A20}.Release|Any CPU.Build.0 = Release|Any CPU
		{7FF2B1C3-E293-48C0-B753-6873B4E75A20}.Release|x64.ActiveCfg = Release|Any CPU
		{7FF2B1C3-E293-48C0-B753-6873B4E75A20}.Release|x64.Build.0 = Release|Any CPU
		{7FF2B1C3-E293-48C0-B753-6873B4E75A20}.Release|x86.ActiveCfg = Release|Any CPU
		{7FF2B1C3-E293-48C0-B753-6873B4E75A20}.Release|x86.Build.0 = Release|Any CPU
		{A5F371DB-F317-4A7E-BB11-1E4C45EFE526}.Debug|Any CPU.ActiveCfg = Debug|Any CPU
		{A5F371DB-F317-4A7E-BB11-1E4C45EFE526}.Debug|Any CPU.Build.0 = Debug|Any CPU
		{A5F371DB-F317-4A7E-BB11-1E4C45EFE526}.Debug|x64.ActiveCfg = Debug|Any CPU
		{A5F371DB-F317-4A7E-BB11-1E4C45EFE526}.Debug|x64.Build.0 = Debug|Any CPU
		{A5F371DB-F317-4A7E-BB11-1E4C45EFE526}.Debug|x86.ActiveCfg = Debug|Any CPU
		{A5F371DB-F317-4A7E-BB11-1E4C45EFE526}.Debug|x86.Build.0 = Debug|Any CPU
		{A5F371DB-F317-4A7E-BB11-1E4C45EFE526}.Release|Any CPU.ActiveCfg = Release|Any CPU
		{A5F371DB-F317-4A7E-BB11-1E4C45EFE526}.Release|Any CPU.Build.0 = Release|Any CPU
		{A5F371DB-F317-4A7E-BB11-1E4C45EFE526}.Release|x64.ActiveCfg = Release|Any CPU
		{A5F371DB-F317-4A7E-BB11-1E4C45EFE526}.Release|x64.Build.0 = Release|Any CPU
		{A5F371DB-F317-4A7E-BB11-1E4C45EFE526}.Release|x86.ActiveCfg = Release|Any CPU
		{A5F371DB-F317-4A7E-BB11-1E4C45EFE526}.Release|x86.Build.0 = Release|Any CPU
	EndGlobalSection
	GlobalSection(SolutionProperties) = preSolution
		HideSolutionNode = FALSE
	EndGlobalSection
	GlobalSection(ExtensibilityGlobals) = postSolution
		SolutionGuid = {D8F4E2EB-D283-4128-84B4-72CCE9160B10}
	EndGlobalSection
EndGlobal
